{
  "name": "env_xbb_lastest_jsdom",
  "lockfileVersion": 2,
  "requires": true,
  "packages": {
    "": {
      "dependencies": {
        "jsdom": "^22.0.0",
        "node-addon-api": "^6.1.0"
      }
    },
    "node_modules/@mapbox/node-pre-gyp": {
      "version": "1.0.10",
      "license": "BSD-3-Clause",
      "optional": true,
      "peer": true,
      "dependencies": {
        "detect-libc": "^2.0.0",
        "https-proxy-agent": "^5.0.0",
        "make-dir": "^3.1.0",
        "node-fetch": "^2.6.7",
        "nopt": "^5.0.0",
        "npmlog": "^5.0.1",
        "rimraf": "^3.0.2",
        "semver": "^7.3.5",
        "tar": "^6.1.11"
      },
      "bin": {
        "node-pre-gyp": "bin/node-pre-gyp"
      }
    },
    "node_modules/@tootallnate/once": {
      "version": "2.0.0",
      "license": "MIT",
      "engines": {
        "node": ">= 10"
      }
    },
    "node_modules/abab": {
      "version": "2.0.6",
      "license": "BSD-3-Clause"
    },
    "node_modules/abbrev": {
      "version": "1.1.1",
      "license": "ISC",
      "optional": true,
      "peer": true
    },
    "node_modules/agent-base": {
      "version": "6.0.2",
      "license": "MIT",
      "dependencies": {
        "debug": "4"
      },
      "engines": {
        "node": ">= 6.0.0"
      }
    },
    "node_modules/ansi-regex": {
      "version": "5.0.1",
      "license": "MIT",
      "optional": true,
      "peer": true,
      "engines": {
        "node": ">=8"
      }
    },
    "node_modules/aproba": {
      "version": "2.0.0",
      "license": "ISC",
      "optional": true,
      "peer": true
    },
    "node_modules/are-we-there-yet": {
      "version": "2.0.0",
      "license": "ISC",
      "optional": true,
      "peer": true,
      "dependencies": {
        "delegates": "^1.0.0",
        "readable-stream": "^3.6.0"
      },
      "engines": {
        "node": ">=10"
      }
    },
    "node_modules/asynckit": {
      "version": "0.4.0",
      "license": "MIT"
    },
    "node_modules/balanced-match": {
      "version": "1.0.2",
      "license": "MIT",
      "optional": true,
      "peer": true
    },
    "node_modules/brace-expansion": {
      "version": "1.1.11",
      "license": "MIT",
      "optional": true,
      "peer": true,
      "dependencies": {
        "balanced-match": "^1.0.0",
        "concat-map": "0.0.1"
      }
    },
    "node_modules/canvas": {
      "version": "2.11.0",
      "hasInstallScript": true,
      "license": "MIT",
      "optional": true,
      "peer": true,
      "dependencies": {
        "@mapbox/node-pre-gyp": "^1.0.0",
        "nan": "^2.17.0",
        "simple-get": "^3.0.3"
      },
      "engines": {
        "node": ">=6"
      }
    },
    "node_modules/chownr": {
      "version": "2.0.0",
      "license": "ISC",
      "optional": true,
      "peer": true,
      "engines": {
        "node": ">=10"
      }
    },
    "node_modules/color-support": {
      "version": "1.1.3",
      "license": "ISC",
      "optional": true,
      "peer": true,
      "bin": {
        "color-support": "bin.js"
      }
    },
    "node_modules/combined-stream": {
      "version": "1.0.8",
      "license": "MIT",
      "dependencies": {
        "delayed-stream": "~1.0.0"
      },
      "engines": {
        "node": ">= 0.8"
      }
    },
    "node_modules/concat-map": {
      "version": "0.0.1",
      "license": "MIT",
      "optional": true,
      "peer": true
    },
    "node_modules/console-control-strings": {
      "version": "1.1.0",
      "license": "ISC",
      "optional": true,
      "peer": true
    },
    "node_modules/cssstyle": {
      "version": "3.0.0",
      "resolved": "https://registry.npmjs.org/cssstyle/-/cssstyle-3.0.0.tgz",
      "integrity": "sha512-N4u2ABATi3Qplzf0hWbVCdjenim8F3ojEXpBDF5hBpjzW182MjNGLqfmQ0SkSPeQ+V86ZXgeH8aXj6kayd4jgg==",
      "dependencies": {
        "rrweb-cssom": "^0.6.0"
      },
      "engines": {
        "node": ">=14"
      }
    },
    "node_modules/data-urls": {
      "version": "4.0.0",
      "resolved": "https://registry.npmjs.org/data-urls/-/data-urls-4.0.0.tgz",
      "integrity": "sha512-/mMTei/JXPqvFqQtfyTowxmJVwr2PVAeCcDxyFf6LhoOu/09TX2OX3kb2wzi4DMXcfj4OItwDOnhl5oziPnT6g==",
      "dependencies": {
        "abab": "^2.0.6",
        "whatwg-mimetype": "^3.0.0",
        "whatwg-url": "^12.0.0"
      },
      "engines": {
        "node": ">=14"
      }
    },
    "node_modules/debug": {
      "version": "4.3.4",
      "license": "MIT",
      "dependencies": {
        "ms": "2.1.2"
      },
      "engines": {
        "node": ">=6.0"
      },
      "peerDependenciesMeta": {
        "supports-color": {
          "optional": true
        }
      }
    },
    "node_modules/decimal.js": {
      "version": "10.4.3",
      "license": "MIT"
    },
    "node_modules/decompress-response": {
      "version": "4.2.1",
      "license": "MIT",
      "optional": true,
      "peer": true,
      "dependencies": {
        "mimic-response": "^2.0.0"
      },
      "engines": {
        "node": ">=8"
      }
    },
    "node_modules/delayed-stream": {
      "version": "1.0.0",
      "license": "MIT",
      "engines": {
        "node": ">=0.4.0"
      }
    },
    "node_modules/delegates": {
      "version": "1.0.0",
      "license": "MIT",
      "optional": true,
      "peer": true
    },
    "node_modules/detect-libc": {
      "version": "2.0.1",
      "license": "Apache-2.0",
      "optional": true,
      "peer": true,
      "engines": {
        "node": ">=8"
      }
    },
    "node_modules/domexception": {
      "version": "4.0.0",
      "license": "MIT",
      "dependencies": {
        "webidl-conversions": "^7.0.0"
      },
      "engines": {
        "node": ">=12"
      }
    },
    "node_modules/emoji-regex": {
      "version": "8.0.0",
      "license": "MIT",
      "optional": true,
      "peer": true
    },
    "node_modules/entities": {
      "version": "4.4.0",
      "license": "BSD-2-Clause",
      "engines": {
        "node": ">=0.12"
      },
      "funding": {
        "url": "https://github.com/fb55/entities?sponsor=1"
      }
    },
    "node_modules/form-data": {
      "version": "4.0.0",
      "license": "MIT",
      "dependencies": {
        "asynckit": "^0.4.0",
        "combined-stream": "^1.0.8",
        "mime-types": "^2.1.12"
      },
      "engines": {
        "node": ">= 6"
      }
    },
    "node_modules/fs-minipass": {
      "version": "2.1.0",
      "license": "ISC",
      "optional": true,
      "peer": true,
      "dependencies": {
        "minipass": "^3.0.0"
      },
      "engines": {
        "node": ">= 8"
      }
    },
    "node_modules/fs-minipass/node_modules/minipass": {
      "version": "3.3.6",
      "license": "ISC",
      "optional": true,
      "peer": true,
      "dependencies": {
        "yallist": "^4.0.0"
      },
      "engines": {
        "node": ">=8"
      }
    },
    "node_modules/fs.realpath": {
      "version": "1.0.0",
      "license": "ISC",
      "optional": true,
      "peer": true
    },
    "node_modules/gauge": {
      "version": "3.0.2",
      "license": "ISC",
      "optional": true,
      "peer": true,
      "dependencies": {
        "aproba": "^1.0.3 || ^2.0.0",
        "color-support": "^1.1.2",
        "console-control-strings": "^1.0.0",
        "has-unicode": "^2.0.1",
        "object-assign": "^4.1.1",
        "signal-exit": "^3.0.0",
        "string-width": "^4.2.3",
        "strip-ansi": "^6.0.1",
        "wide-align": "^1.1.2"
      },
      "engines": {
        "node": ">=10"
      }
    },
    "node_modules/glob": {
      "version": "7.2.3",
      "license": "ISC",
      "optional": true,
      "peer": true,
      "dependencies": {
        "fs.realpath": "^1.0.0",
        "inflight": "^1.0.4",
        "inherits": "2",
        "minimatch": "^3.1.1",
        "once": "^1.3.0",
        "path-is-absolute": "^1.0.0"
      },
      "engines": {
        "node": "*"
      },
      "funding": {
        "url": "https://github.com/sponsors/isaacs"
      }
    },
    "node_modules/has-unicode": {
      "version": "2.0.1",
      "license": "ISC",
      "optional": true,
      "peer": true
    },
    "node_modules/html-encoding-sniffer": {
      "version": "3.0.0",
      "license": "MIT",
      "dependencies": {
        "whatwg-encoding": "^2.0.0"
      },
      "engines": {
        "node": ">=12"
      }
    },
    "node_modules/http-proxy-agent": {
      "version": "5.0.0",
      "license": "MIT",
      "dependencies": {
        "@tootallnate/once": "2",
        "agent-base": "6",
        "debug": "4"
      },
      "engines": {
        "node": ">= 6"
      }
    },
    "node_modules/https-proxy-agent": {
      "version": "5.0.1",
      "license": "MIT",
      "dependencies": {
        "agent-base": "6",
        "debug": "4"
      },
      "engines": {
        "node": ">= 6"
      }
    },
    "node_modules/iconv-lite": {
      "version": "0.6.3",
      "license": "MIT",
      "dependencies": {
        "safer-buffer": ">= 2.1.2 < 3.0.0"
      },
      "engines": {
        "node": ">=0.10.0"
      }
    },
    "node_modules/inflight": {
      "version": "1.0.6",
      "license": "ISC",
      "optional": true,
      "peer": true,
      "dependencies": {
        "once": "^1.3.0",
        "wrappy": "1"
      }
    },
    "node_modules/inherits": {
      "version": "2.0.4",
      "license": "ISC",
      "optional": true,
      "peer": true
    },
    "node_modules/is-fullwidth-code-point": {
      "version": "3.0.0",
      "license": "MIT",
      "optional": true,
      "peer": true,
      "engines": {
        "node": ">=8"
      }
    },
    "node_modules/is-potential-custom-element-name": {
      "version": "1.0.1",
      "license": "MIT"
    },
    "node_modules/jsdom": {
      "version": "22.0.0",
      "resolved": "https://registry.npmjs.org/jsdom/-/jsdom-22.0.0.tgz",
      "integrity": "sha512-p5ZTEb5h+O+iU02t0GfEjAnkdYPrQSkfuTSMkMYyIoMvUNEHsbG0bHHbfXIcfTqD2UfvjQX7mmgiFsyRwGscVw==",
      "dependencies": {
        "abab": "^2.0.6",
        "cssstyle": "^3.0.0",
        "data-urls": "^4.0.0",
        "decimal.js": "^10.4.3",
        "domexception": "^4.0.0",
        "form-data": "^4.0.0",
        "html-encoding-sniffer": "^3.0.0",
        "http-proxy-agent": "^5.0.0",
        "https-proxy-agent": "^5.0.1",
        "is-potential-custom-element-name": "^1.0.1",
        "nwsapi": "^2.2.4",
        "parse5": "^7.1.2",
        "rrweb-cssom": "^0.6.0",
        "saxes": "^6.0.0",
        "symbol-tree": "^3.2.4",
        "tough-cookie": "^4.1.2",
        "w3c-xmlserializer": "^4.0.0",
        "webidl-conversions": "^7.0.0",
        "whatwg-encoding": "^2.0.0",
        "whatwg-mimetype": "^3.0.0",
        "whatwg-url": "^12.0.1",
        "ws": "^8.13.0",
        "xml-name-validator": "^4.0.0"
      },
      "engines": {
        "node": ">=16"
      },
      "peerDependencies": {
        "canvas": "^2.5.0"
      },
      "peerDependenciesMeta": {
        "canvas": {
          "optional": true
        }
      }
    },
    "node_modules/lru-cache": {
      "version": "6.0.0",
      "license": "ISC",
      "optional": true,
      "peer": true,
      "dependencies": {
        "yallist": "^4.0.0"
      },
      "engines": {
        "node": ">=10"
      }
    },
    "node_modules/make-dir": {
      "version": "3.1.0",
      "license": "MIT",
      "optional": true,
      "peer": true,
      "dependencies": {
        "semver": "^6.0.0"
      },
      "engines": {
        "node": ">=8"
      },
      "funding": {
        "url": "https://github.com/sponsors/sindresorhus"
      }
    },
    "node_modules/make-dir/node_modules/semver": {
      "version": "6.3.0",
      "license": "ISC",
      "optional": true,
      "peer": true,
      "bin": {
        "semver": "bin/semver.js"
      }
    },
    "node_modules/mime-db": {
      "version": "1.52.0",
      "license": "MIT",
      "engines": {
        "node": ">= 0.6"
      }
    },
    "node_modules/mime-types": {
      "version": "2.1.35",
      "license": "MIT",
      "dependencies": {
        "mime-db": "1.52.0"
      },
      "engines": {
        "node": ">= 0.6"
      }
    },
    "node_modules/mimic-response": {
      "version": "2.1.0",
      "license": "MIT",
      "optional": true,
      "peer": true,
      "engines": {
        "node": ">=8"
      },
      "funding": {
        "url": "https://github.com/sponsors/sindresorhus"
      }
    },
    "node_modules/minimatch": {
      "version": "3.1.2",
      "license": "ISC",
      "optional": true,
      "peer": true,
      "dependencies": {
        "brace-expansion": "^1.1.7"
      },
      "engines": {
        "node": "*"
      }
    },
    "node_modules/minipass": {
      "version": "4.0.3",
      "license": "ISC",
      "optional": true,
      "peer": true,
      "engines": {
        "node": ">=8"
      }
    },
    "node_modules/minizlib": {
      "version": "2.1.2",
      "license": "MIT",
      "optional": true,
      "peer": true,
      "dependencies": {
        "minipass": "^3.0.0",
        "yallist": "^4.0.0"
      },
      "engines": {
        "node": ">= 8"
      }
    },
    "node_modules/minizlib/node_modules/minipass": {
      "version": "3.3.6",
      "license": "ISC",
      "optional": true,
      "peer": true,
      "dependencies": {
        "yallist": "^4.0.0"
      },
      "engines": {
        "node": ">=8"
      }
    },
    "node_modules/mkdirp": {
      "version": "1.0.4",
      "license": "MIT",
      "optional": true,
      "peer": true,
      "bin": {
        "mkdirp": "bin/cmd.js"
      },
      "engines": {
        "node": ">=10"
      }
    },
    "node_modules/ms": {
      "version": "2.1.2",
      "license": "MIT"
    },
    "node_modules/nan": {
      "version": "2.17.0",
      "license": "MIT",
      "optional": true,
      "peer": true
    },
    "node_modules/node-addon-api": {
      "version": "6.1.0",
      "resolved": "https://registry.npmjs.org/node-addon-api/-/node-addon-api-6.1.0.tgz",
      "integrity": "sha512-+eawOlIgy680F0kBzPUNFhMZGtJ1YmqM6l4+Crf4IkImjYrO/mqPwRMh352g23uIaQKFItcQ64I7KMaJxHgAVA=="
    },
    "node_modules/node-fetch": {
      "version": "2.6.9",
      "license": "MIT",
      "optional": true,
      "peer": true,
      "dependencies": {
        "whatwg-url": "^5.0.0"
      },
      "engines": {
        "node": "4.x || >=6.0.0"
      },
      "peerDependencies": {
        "encoding": "^0.1.0"
      },
      "peerDependenciesMeta": {
        "encoding": {
          "optional": true
        }
      }
    },
    "node_modules/node-fetch/node_modules/tr46": {
      "version": "0.0.3",
      "license": "MIT",
      "optional": true,
      "peer": true
    },
    "node_modules/node-fetch/node_modules/webidl-conversions": {
      "version": "3.0.1",
      "license": "BSD-2-Clause",
      "optional": true,
      "peer": true
    },
    "node_modules/node-fetch/node_modules/whatwg-url": {
      "version": "5.0.0",
      "license": "MIT",
      "optional": true,
      "peer": true,
      "dependencies": {
        "tr46": "~0.0.3",
        "webidl-conversions": "^3.0.0"
      }
    },
    "node_modules/nopt": {
      "version": "5.0.0",
      "license": "ISC",
      "optional": true,
      "peer": true,
      "dependencies": {
        "abbrev": "1"
      },
      "bin": {
        "nopt": "bin/nopt.js"
      },
      "engines": {
        "node": ">=6"
      }
    },
    "node_modules/npmlog": {
      "version": "5.0.1",
      "license": "ISC",
      "optional": true,
      "peer": true,
      "dependencies": {
        "are-we-there-yet": "^2.0.0",
        "console-control-strings": "^1.1.0",
        "gauge": "^3.0.0",
        "set-blocking": "^2.0.0"
      }
    },
    "node_modules/nwsapi": {
      "version": "2.2.4",
      "resolved": "https://registry.npmjs.org/nwsapi/-/nwsapi-2.2.4.tgz",
      "integrity": "sha512-NHj4rzRo0tQdijE9ZqAx6kYDcoRwYwSYzCA8MY3JzfxlrvEU0jhnhJT9BhqhJs7I/dKcrDm6TyulaRqZPIhN5g=="
    },
    "node_modules/object-assign": {
      "version": "4.1.1",
      "license": "MIT",
      "optional": true,
      "peer": true,
      "engines": {
        "node": ">=0.10.0"
      }
    },
    "node_modules/once": {
      "version": "1.4.0",
      "license": "ISC",
      "optional": true,
      "peer": true,
      "dependencies": {
        "wrappy": "1"
      }
    },
    "node_modules/parse5": {
      "version": "7.1.2",
      "license": "MIT",
      "dependencies": {
        "entities": "^4.4.0"
      },
      "funding": {
        "url": "https://github.com/inikulin/parse5?sponsor=1"
      }
    },
    "node_modules/path-is-absolute": {
      "version": "1.0.1",
      "license": "MIT",
      "optional": true,
      "peer": true,
      "engines": {
        "node": ">=0.10.0"
      }
    },
    "node_modules/psl": {
      "version": "1.9.0",
      "license": "MIT"
    },
    "node_modules/punycode": {
      "version": "2.3.0",
      "license": "MIT",
      "engines": {
        "node": ">=6"
      }
    },
    "node_modules/querystringify": {
      "version": "2.2.0",
      "license": "MIT"
    },
    "node_modules/readable-stream": {
      "version": "3.6.0",
      "license": "MIT",
      "optional": true,
      "peer": true,
      "dependencies": {
        "inherits": "^2.0.3",
        "string_decoder": "^1.1.1",
        "util-deprecate": "^1.0.1"
      },
      "engines": {
        "node": ">= 6"
      }
    },
    "node_modules/requires-port": {
      "version": "1.0.0",
      "license": "MIT"
    },
    "node_modules/rimraf": {
      "version": "3.0.2",
      "license": "ISC",
      "optional": true,
      "peer": true,
      "dependencies": {
        "glob": "^7.1.3"
      },
      "bin": {
        "rimraf": "bin.js"
      },
      "funding": {
        "url": "https://github.com/sponsors/isaacs"
      }
    },
    "node_modules/rrweb-cssom": {
      "version": "0.6.0",
      "resolved": "https://registry.npmjs.org/rrweb-cssom/-/rrweb-cssom-0.6.0.tgz",
      "integrity": "sha512-APM0Gt1KoXBz0iIkkdB/kfvGOwC4UuJFeG/c+yV7wSc7q96cG/kJ0HiYCnzivD9SB53cLV1MlHFNfOuPaadYSw=="
    },
    "node_modules/safe-buffer": {
      "version": "5.2.1",
      "funding": [
        {
          "type": "github",
          "url": "https://github.com/sponsors/feross"
        },
        {
          "type": "patreon",
          "url": "https://www.patreon.com/feross"
        },
        {
          "type": "consulting",
          "url": "https://feross.org/support"
        }
      ],
      "license": "MIT",
      "optional": true,
      "peer": true
    },
    "node_modules/safer-buffer": {
      "version": "2.1.2",
      "license": "MIT"
    },
    "node_modules/saxes": {
      "version": "6.0.0",
      "license": "ISC",
      "dependencies": {
        "xmlchars": "^2.2.0"
      },
      "engines": {
        "node": ">=v12.22.7"
      }
    },
    "node_modules/semver": {
      "version": "7.3.8",
      "license": "ISC",
      "optional": true,
      "peer": true,
      "dependencies": {
        "lru-cache": "^6.0.0"
      },
      "bin": {
        "semver": "bin/semver.js"
      },
      "engines": {
        "node": ">=10"
      }
    },
    "node_modules/set-blocking": {
      "version": "2.0.0",
      "license": "ISC",
      "optional": true,
      "peer": true
    },
    "node_modules/signal-exit": {
      "version": "3.0.7",
      "license": "ISC",
      "optional": true,
      "peer": true
    },
    "node_modules/simple-concat": {
      "version": "1.0.1",
      "funding": [
        {
          "type": "github",
          "url": "https://github.com/sponsors/feross"
        },
        {
          "type": "patreon",
          "url": "https://www.patreon.com/feross"
        },
        {
          "type": "consulting",
          "url": "https://feross.org/support"
        }
      ],
      "license": "MIT",
      "optional": true,
      "peer": true
    },
    "node_modules/simple-get": {
      "version": "3.1.1",
      "license": "MIT",
      "optional": true,
      "peer": true,
      "dependencies": {
        "decompress-response": "^4.2.0",
        "once": "^1.3.1",
        "simple-concat": "^1.0.0"
      }
    },
    "node_modules/string_decoder": {
      "version": "1.3.0",
      "license": "MIT",
      "optional": true,
      "peer": true,
      "dependencies": {
        "safe-buffer": "~5.2.0"
      }
    },
    "node_modules/string-width": {
      "version": "4.2.3",
      "license": "MIT",
      "optional": true,
      "peer": true,
      "dependencies": {
        "emoji-regex": "^8.0.0",
        "is-fullwidth-code-point": "^3.0.0",
        "strip-ansi": "^6.0.1"
      },
      "engines": {
        "node": ">=8"
      }
    },
    "node_modules/strip-ansi": {
      "version": "6.0.1",
      "license": "MIT",
      "optional": true,
      "peer": true,
      "dependencies": {
        "ansi-regex": "^5.0.1"
      },
      "engines": {
        "node": ">=8"
      }
    },
    "node_modules/symbol-tree": {
      "version": "3.2.4",
      "license": "MIT"
    },
    "node_modules/tar": {
      "version": "6.1.13",
      "license": "ISC",
      "optional": true,
      "peer": true,
      "dependencies": {
        "chownr": "^2.0.0",
        "fs-minipass": "^2.0.0",
        "minipass": "^4.0.0",
        "minizlib": "^2.1.1",
        "mkdirp": "^1.0.3",
        "yallist": "^4.0.0"
      },
      "engines": {
        "node": ">=10"
      }
    },
    "node_modules/tough-cookie": {
      "version": "4.1.2",
      "license": "BSD-3-Clause",
      "dependencies": {
        "psl": "^1.1.33",
        "punycode": "^2.1.1",
        "universalify": "^0.2.0",
        "url-parse": "^1.5.3"
      },
      "engines": {
        "node": ">=6"
      }
    },
    "node_modules/tr46": {
      "version": "4.1.1",
      "resolved": "https://registry.npmjs.org/tr46/-/tr46-4.1.1.tgz",
      "integrity": "sha512-2lv/66T7e5yNyhAAC4NaKe5nVavzuGJQVVtRYLyQ2OI8tsJ61PMLlelehb0wi2Hx6+hT/OJUWZcw8MjlSRnxvw==",
      "dependencies": {
        "punycode": "^2.3.0"
      },
      "engines": {
        "node": ">=14"
      }
    },
    "node_modules/universalify": {
      "version": "0.2.0",
      "license": "MIT",
      "engines": {
        "node": ">= 4.0.0"
      }
    },
    "node_modules/url-parse": {
      "version": "1.5.10",
      "license": "MIT",
      "dependencies": {
        "querystringify": "^2.1.1",
        "requires-port": "^1.0.0"
      }
    },
    "node_modules/util-deprecate": {
      "version": "1.0.2",
      "license": "MIT",
      "optional": true,
      "peer": true
    },
    "node_modules/w3c-xmlserializer": {
      "version": "4.0.0",
      "license": "MIT",
      "dependencies": {
        "xml-name-validator": "^4.0.0"
      },
      "engines": {
        "node": ">=14"
      }
    },
    "node_modules/webidl-conversions": {
      "version": "7.0.0",
      "license": "BSD-2-Clause",
      "engines": {
        "node": ">=12"
      }
    },
    "node_modules/whatwg-encoding": {
      "version": "2.0.0",
      "license": "MIT",
      "dependencies": {
        "iconv-lite": "0.6.3"
      },
      "engines": {
        "node": ">=12"
      }
    },
    "node_modules/whatwg-mimetype": {
      "version": "3.0.0",
      "license": "MIT",
      "engines": {
        "node": ">=12"
      }
    },
    "node_modules/whatwg-url": {
      "version": "12.0.1",
      "resolved": "https://registry.npmjs.org/whatwg-url/-/whatwg-url-12.0.1.tgz",
      "integrity": "sha512-Ed/LrqB8EPlGxjS+TrsXcpUond1mhccS3pchLhzSgPCnTimUCKj3IZE75pAs5m6heB2U2TMerKFUXheyHY+VDQ==",
      "dependencies": {
        "tr46": "^4.1.1",
        "webidl-conversions": "^7.0.0"
      },
      "engines": {
        "node": ">=14"
      }
    },
    "node_modules/wide-align": {
      "version": "1.1.5",
      "license": "ISC",
      "optional": true,
      "peer": true,
      "dependencies": {
        "string-width": "^1.0.2 || 2 || 3 || 4"
      }
    },
    "node_modules/wrappy": {
      "version": "1.0.2",
      "license": "ISC",
      "optional": true,
      "peer": true
    },
    "node_modules/ws": {
      "version": "8.13.0",
      "resolved": "https://registry.npmjs.org/ws/-/ws-8.13.0.tgz",
      "integrity": "sha512-x9vcZYTrFPC7aSIbj7sRCYo7L/Xb8Iy+pW0ng0wt2vCJv7M9HOMy0UoN3rr+IFC7hb7vXoqS+P9ktyLLLhO+LA==",
      "engines": {
        "node": ">=10.0.0"
      },
      "peerDependencies": {
        "bufferutil": "^4.0.1",
        "utf-8-validate": ">=5.0.2"
      },
      "peerDependenciesMeta": {
        "bufferutil": {
          "optional": true
        },
        "utf-8-validate": {
          "optional": true
        }
      }
    },
    "node_modules/xml-name-validator": {
      "version": "4.0.0",
      "license": "Apache-2.0",
      "engines": {
        "node": ">=12"
      }
    },
    "node_modules/xmlchars": {
      "version": "2.2.0",
      "license": "MIT"
    },
    "node_modules/yallist": {
      "version": "4.0.0",
      "license": "ISC",
      "optional": true,
      "peer": true
    }
  },
  "dependencies": {
    "@mapbox/node-pre-gyp": {
      "version": "1.0.10",
      "optional": true,
      "peer": true,
      "requires": {
        "detect-libc": "^2.0.0",
        "https-proxy-agent": "^5.0.0",
        "make-dir": "^3.1.0",
        "node-fetch": "^2.6.7",
        "nopt": "^5.0.0",
        "npmlog": "^5.0.1",
        "rimraf": "^3.0.2",
        "semver": "^7.3.5",
        "tar": "^6.1.11"
      }
    },
    "@tootallnate/once": {
      "version": "2.0.0"
    },
    "abab": {
      "version": "2.0.6"
    },
    "abbrev": {
      "version": "1.1.1",
      "optional": true,
      "peer": true
    },
    "agent-base": {
      "version": "6.0.2",
      "requires": {
        "debug": "4"
      }
    },
    "ansi-regex": {
      "version": "5.0.1",
      "optional": true,
      "peer": true
    },
    "aproba": {
      "version": "2.0.0",
      "optional": true,
      "peer": true
    },
    "are-we-there-yet": {
      "version": "2.0.0",
      "optional": true,
      "peer": true,
      "requires": {
        "delegates": "^1.0.0",
        "readable-stream": "^3.6.0"
      }
    },
    "asynckit": {
      "version": "0.4.0"
    },
    "balanced-match": {
      "version": "1.0.2",
      "optional": true,
      "peer": true
    },
    "brace-expansion": {
      "version": "1.1.11",
      "optional": true,
      "peer": true,
      "requires": {
        "balanced-match": "^1.0.0",
        "concat-map": "0.0.1"
      }
    },
    "canvas": {
      "version": "2.11.0",
      "optional": true,
      "peer": true,
      "requires": {
        "@mapbox/node-pre-gyp": "^1.0.0",
        "nan": "^2.17.0",
        "simple-get": "^3.0.3"
      }
    },
    "chownr": {
      "version": "2.0.0",
      "optional": true,
      "peer": true
    },
    "color-support": {
      "version": "1.1.3",
      "optional": true,
      "peer": true
    },
    "combined-stream": {
      "version": "1.0.8",
      "requires": {
        "delayed-stream": "~1.0.0"
      }
    },
    "concat-map": {
      "version": "0.0.1",
      "optional": true,
      "peer": true
    },
    "console-control-strings": {
      "version": "1.1.0",
      "optional": true,
      "peer": true
    },
    "cssstyle": {
      "version": "3.0.0",
      "resolved": "https://registry.npmjs.org/cssstyle/-/cssstyle-3.0.0.tgz",
      "integrity": "sha512-N4u2ABATi3Qplzf0hWbVCdjenim8F3ojEXpBDF5hBpjzW182MjNGLqfmQ0SkSPeQ+V86ZXgeH8aXj6kayd4jgg==",
      "requires": {
        "rrweb-cssom": "^0.6.0"
      }
    },
    "data-urls": {
      "version": "4.0.0",
      "resolved": "https://registry.npmjs.org/data-urls/-/data-urls-4.0.0.tgz",
      "integrity": "sha512-/mMTei/JXPqvFqQtfyTowxmJVwr2PVAeCcDxyFf6LhoOu/09TX2OX3kb2wzi4DMXcfj4OItwDOnhl5oziPnT6g==",
      "requires": {
        "abab": "^2.0.6",
        "whatwg-mimetype": "^3.0.0",
        "whatwg-url": "^12.0.0"
      }
    },
    "debug": {
      "version": "4.3.4",
      "requires": {
        "ms": "2.1.2"
      }
    },
    "decimal.js": {
      "version": "10.4.3"
    },
    "decompress-response": {
      "version": "4.2.1",
      "optional": true,
      "peer": true,
      "requires": {
        "mimic-response": "^2.0.0"
      }
    },
    "delayed-stream": {
      "version": "1.0.0"
    },
    "delegates": {
      "version": "1.0.0",
      "optional": true,
      "peer": true
    },
    "detect-libc": {
      "version": "2.0.1",
      "optional": true,
      "peer": true
    },
    "domexception": {
      "version": "4.0.0",
      "requires": {
        "webidl-conversions": "^7.0.0"
      }
    },
    "emoji-regex": {
      "version": "8.0.0",
      "optional": true,
      "peer": true
    },
    "entities": {
      "version": "4.4.0"
    },
    "form-data": {
      "version": "4.0.0",
      "requires": {
        "asynckit": "^0.4.0",
        "combined-stream": "^1.0.8",
        "mime-types": "^2.1.12"
      }
    },
    "fs-minipass": {
      "version": "2.1.0",
      "optional": true,
      "peer": true,
      "requires": {
        "minipass": "^3.0.0"
      },
      "dependencies": {
        "minipass": {
          "version": "3.3.6",
          "optional": true,
          "peer": true,
          "requires": {
            "yallist": "^4.0.0"
          }
        }
      }
    },
    "fs.realpath": {
      "version": "1.0.0",
      "optional": true,
      "peer": true
    },
    "gauge": {
      "version": "3.0.2",
      "optional": true,
      "peer": true,
      "requires": {
        "aproba": "^1.0.3 || ^2.0.0",
        "color-support": "^1.1.2",
        "console-control-strings": "^1.0.0",
        "has-unicode": "^2.0.1",
        "object-assign": "^4.1.1",
        "signal-exit": "^3.0.0",
        "string-width": "^4.2.3",
        "strip-ansi": "^6.0.1",
        "wide-align": "^1.1.2"
      }
    },
    "glob": {
      "version": "7.2.3",
      "optional": true,
      "peer": true,
      "requires": {
        "fs.realpath": "^1.0.0",
        "inflight": "^1.0.4",
        "inherits": "2",
        "minimatch": "^3.1.1",
        "once": "^1.3.0",
        "path-is-absolute": "^1.0.0"
      }
    },
    "has-unicode": {
      "version": "2.0.1",
      "optional": true,
      "peer": true
    },
    "html-encoding-sniffer": {
      "version": "3.0.0",
      "requires": {
        "whatwg-encoding": "^2.0.0"
      }
    },
    "http-proxy-agent": {
      "version": "5.0.0",
      "requires": {
        "@tootallnate/once": "2",
        "agent-base": "6",
        "debug": "4"
      }
    },
    "https-proxy-agent": {
      "version": "5.0.1",
      "requires": {
        "agent-base": "6",
        "debug": "4"
      }
    },
    "iconv-lite": {
      "version": "0.6.3",
      "requires": {
        "safer-buffer": ">= 2.1.2 < 3.0.0"
      }
    },
    "inflight": {
      "version": "1.0.6",
      "optional": true,
      "peer": true,
      "requires": {
        "once": "^1.3.0",
        "wrappy": "1"
      }
    },
    "inherits": {
      "version": "2.0.4",
      "optional": true,
      "peer": true
    },
    "is-fullwidth-code-point": {
      "version": "3.0.0",
      "optional": true,
      "peer": true
    },
    "is-potential-custom-element-name": {
      "version": "1.0.1"
    },
    "jsdom": {
      "version": "22.0.0",
      "resolved": "https://registry.npmjs.org/jsdom/-/jsdom-22.0.0.tgz",
      "integrity": "sha512-p5ZTEb5h+O+iU02t0GfEjAnkdYPrQSkfuTSMkMYyIoMvUNEHsbG0bHHbfXIcfTqD2UfvjQX7mmgiFsyRwGscVw==",
      "requires": {
        "abab": "^2.0.6",
        "cssstyle": "^3.0.0",
        "data-urls": "^4.0.0",
        "decimal.js": "^10.4.3",
        "domexception": "^4.0.0",
        "form-data": "^4.0.0",
        "html-encoding-sniffer": "^3.0.0",
        "http-proxy-agent": "^5.0.0",
        "https-proxy-agent": "^5.0.1",
        "is-potential-custom-element-name": "^1.0.1",
        "nwsapi": "^2.2.4",
        "parse5": "^7.1.2",
        "rrweb-cssom": "^0.6.0",
        "saxes": "^6.0.0",
        "symbol-tree": "^3.2.4",
        "tough-cookie": "^4.1.2",
        "w3c-xmlserializer": "^4.0.0",
        "webidl-conversions": "^7.0.0",
        "whatwg-encoding": "^2.0.0",
        "whatwg-mimetype": "^3.0.0",
        "whatwg-url": "^12.0.1",
        "ws": "^8.13.0",
        "xml-name-validator": "^4.0.0"
      }
    },
    "lru-cache": {
      "version": "6.0.0",
      "optional": true,
      "peer": true,
      "requires": {
        "yallist": "^4.0.0"
      }
    },
    "make-dir": {
      "version": "3.1.0",
      "optional": true,
      "peer": true,
      "requires": {
        "semver": "^6.0.0"
      },
      "dependencies": {
        "semver": {
          "version": "6.3.0",
          "optional": true,
          "peer": true
        }
      }
    },
    "mime-db": {
      "version": "1.52.0"
    },
    "mime-types": {
      "version": "2.1.35",
      "requires": {
        "mime-db": "1.52.0"
      }
    },
    "mimic-response": {
      "version": "2.1.0",
      "optional": true,
      "peer": true
    },
    "minimatch": {
      "version": "3.1.2",
      "optional": true,
      "peer": true,
      "requires": {
        "brace-expansion": "^1.1.7"
      }
    },
    "minipass": {
      "version": "4.0.3",
      "optional": true,
      "peer": true
    },
    "minizlib": {
      "version": "2.1.2",
      "optional": true,
      "peer": true,
      "requires": {
        "minipass": "^3.0.0",
        "yallist": "^4.0.0"
      },
      "dependencies": {
        "minipass": {
          "version": "3.3.6",
          "optional": true,
          "peer": true,
          "requires": {
            "yallist": "^4.0.0"
          }
        }
      }
    },
    "mkdirp": {
      "version": "1.0.4",
      "optional": true,
      "peer": true
    },
    "ms": {
      "version": "2.1.2"
    },
    "nan": {
      "version": "2.17.0",
      "optional": true,
      "peer": true
    },
    "node-addon-api": {
      "version": "6.1.0",
      "resolved": "https://registry.npmjs.org/node-addon-api/-/node-addon-api-6.1.0.tgz",
      "integrity": "sha512-+eawOlIgy680F0kBzPUNFhMZGtJ1YmqM6l4+Crf4IkImjYrO/mqPwRMh352g23uIaQKFItcQ64I7KMaJxHgAVA=="
    },
    "node-fetch": {
      "version": "2.6.9",
      "optional": true,
      "peer": true,
      "requires": {
        "whatwg-url": "^5.0.0"
      },
      "dependencies": {
        "tr46": {
          "version": "0.0.3",
          "optional": true,
          "peer": true
        },
        "webidl-conversions": {
          "version": "3.0.1",
          "optional": true,
          "peer": true
        },
        "whatwg-url": {
          "version": "5.0.0",
          "optional": true,
          "peer": true,
          "requires": {
            "tr46": "~0.0.3",
            "webidl-conversions": "^3.0.0"
          }
        }
      }
    },
    "nopt": {
      "version": "5.0.0",
      "optional": true,
      "peer": true,
      "requires": {
        "abbrev": "1"
      }
    },
    "npmlog": {
      "version": "5.0.1",
      "optional": true,
      "peer": true,
      "requires": {
        "are-we-there-yet": "^2.0.0",
        "console-control-strings": "^1.1.0",
        "gauge": "^3.0.0",
        "set-blocking": "^2.0.0"
      }
    },
    "nwsapi": {
      "version": "2.2.4",
      "resolved": "https://registry.npmjs.org/nwsapi/-/nwsapi-2.2.4.tgz",
      "integrity": "sha512-NHj4rzRo0tQdijE9ZqAx6kYDcoRwYwSYzCA8MY3JzfxlrvEU0jhnhJT9BhqhJs7I/dKcrDm6TyulaRqZPIhN5g=="
    },
    "object-assign": {
      "version": "4.1.1",
      "optional": true,
      "peer": true
    },
    "once": {
      "version": "1.4.0",
      "optional": true,
      "peer": true,
      "requires": {
        "wrappy": "1"
      }
    },
    "parse5": {
      "version": "7.1.2",
      "requires": {
        "entities": "^4.4.0"
      }
    },
    "path-is-absolute": {
      "version": "1.0.1",
      "optional": true,
      "peer": true
    },
    "psl": {
      "version": "1.9.0"
    },
    "punycode": {
      "version": "2.3.0"
    },
    "querystringify": {
      "version": "2.2.0"
    },
    "readable-stream": {
      "version": "3.6.0",
      "optional": true,
      "peer": true,
      "requires": {
        "inherits": "^2.0.3",
        "string_decoder": "^1.1.1",
        "util-deprecate": "^1.0.1"
      }
    },
    "requires-port": {
      "version": "1.0.0"
    },
    "rimraf": {
      "version": "3.0.2",
      "optional": true,
      "peer": true,
      "requires": {
        "glob": "^7.1.3"
      }
    },
    "rrweb-cssom": {
      "version": "0.6.0",
      "resolved": "https://registry.npmjs.org/rrweb-cssom/-/rrweb-cssom-0.6.0.tgz",
      "integrity": "sha512-APM0Gt1KoXBz0iIkkdB/kfvGOwC4UuJFeG/c+yV7wSc7q96cG/kJ0HiYCnzivD9SB53cLV1MlHFNfOuPaadYSw=="
    },
    "safe-buffer": {
      "version": "5.2.1",
      "optional": true,
      "peer": true
    },
    "safer-buffer": {
      "version": "2.1.2"
    },
    "saxes": {
      "version": "6.0.0",
      "requires": {
        "xmlchars": "^2.2.0"
      }
    },
    "semver": {
      "version": "7.3.8",
      "optional": true,
      "peer": true,
      "requires": {
        "lru-cache": "^6.0.0"
      }
    },
    "set-blocking": {
      "version": "2.0.0",
      "optional": true,
      "peer": true
    },
    "signal-exit": {
      "version": "3.0.7",
      "optional": true,
      "peer": true
    },
    "simple-concat": {
      "version": "1.0.1",
      "optional": true,
      "peer": true
    },
    "simple-get": {
      "version": "3.1.1",
      "optional": true,
      "peer": true,
      "requires": {
        "decompress-response": "^4.2.0",
        "once": "^1.3.1",
        "simple-concat": "^1.0.0"
      }
    },
    "string_decoder": {
      "version": "1.3.0",
      "optional": true,
      "peer": true,
      "requires": {
        "safe-buffer": "~5.2.0"
      }
    },
    "string-width": {
      "version": "4.2.3",
      "optional": true,
      "peer": true,
      "requires": {
        "emoji-regex": "^8.0.0",
        "is-fullwidth-code-point": "^3.0.0",
        "strip-ansi": "^6.0.1"
      }
    },
    "strip-ansi": {
      "version": "6.0.1",
      "optional": true,
      "peer": true,
      "requires": {
        "ansi-regex": "^5.0.1"
      }
    },
    "symbol-tree": {
      "version": "3.2.4"
    },
    "tar": {
      "version": "6.1.13",
      "optional": true,
      "peer": true,
      "requires": {
        "chownr": "^2.0.0",
        "fs-minipass": "^2.0.0",
        "minipass": "^4.0.0",
        "minizlib": "^2.1.1",
        "mkdirp": "^1.0.3",
        "yallist": "^4.0.0"
      }
    },
    "tough-cookie": {
      "version": "4.1.2",
      "requires": {
        "psl": "^1.1.33",
        "punycode": "^2.1.1",
        "universalify": "^0.2.0",
        "url-parse": "^1.5.3"
      }
    },
    "tr46": {
      "version": "4.1.1",
      "resolved": "https://registry.npmjs.org/tr46/-/tr46-4.1.1.tgz",
      "integrity": "sha512-2lv/66T7e5yNyhAAC4NaKe5nVavzuGJQVVtRYLyQ2OI8tsJ61PMLlelehb0wi2Hx6+hT/OJUWZcw8MjlSRnxvw==",
      "requires": {
        "punycode": "^2.3.0"
      }
    },
    "universalify": {
      "version": "0.2.0"
    },
    "url-parse": {
      "version": "1.5.10",
      "requires": {
        "querystringify": "^2.1.1",
        "requires-port": "^1.0.0"
      }
    },
    "util-deprecate": {
      "version": "1.0.2",
      "optional": true,
      "peer": true
    },
    "w3c-xmlserializer": {
      "version": "4.0.0",
      "requires": {
        "xml-name-validator": "^4.0.0"
      }
    },
    "webidl-conversions": {
      "version": "7.0.0"
    },
    "whatwg-encoding": {
      "version": "2.0.0",
      "requires": {
        "iconv-lite": "0.6.3"
      }
    },
    "whatwg-mimetype": {
      "version": "3.0.0"
    },
    "whatwg-url": {
      "version": "12.0.1",
      "resolved": "https://registry.npmjs.org/whatwg-url/-/whatwg-url-12.0.1.tgz",
      "integrity": "sha512-Ed/LrqB8EPlGxjS+TrsXcpUond1mhccS3pchLhzSgPCnTimUCKj3IZE75pAs5m6heB2U2TMerKFUXheyHY+VDQ==",
      "requires": {
        "tr46": "^4.1.1",
        "webidl-conversions": "^7.0.0"
      }
    },
    "wide-align": {
      "version": "1.1.5",
      "optional": true,
      "peer": true,
      "requires": {
        "string-width": "^1.0.2 || 2 || 3 || 4"
      }
    },
    "wrappy": {
      "version": "1.0.2",
      "optional": true,
      "peer": true
    },
    "ws": {
      "version": "8.13.0",
      "resolved": "https://registry.npmjs.org/ws/-/ws-8.13.0.tgz",
      "integrity": "sha512-x9vcZYTrFPC7aSIbj7sRCYo7L/Xb8Iy+pW0ng0wt2vCJv7M9HOMy0UoN3rr+IFC7hb7vXoqS+P9ktyLLLhO+LA==",
      "requires": {}
    },
    "xml-name-validator": {
      "version": "4.0.0"
    },
    "xmlchars": {
      "version": "2.2.0"
    },
    "yallist": {
      "version": "4.0.0",
      "optional": true,
      "peer": true
    }
  }
}
